{
  "name": "ecommers-backend",
  "version": "1.0.0",
  "description":"Backend para sistema de E-commerce con node.js,Expresss y Sequelize",
  "main": "server.js",
  "scripts":{
    "start": "node server.js",
    "dev": "nodemon server.js",
    "init-db":"node config/createdatabase.js",
    "reset-db":"node config/createdatabase.js",
    "sedd":"node -e \"require('./seeders/adminseeder').runSeeders()-then(() => proccess.exit(0)).catch ((err) => { console.error(err):proccess.exit(1); )}\"",
    "test":"jest --detectOpenHandles --forceExit",
    "test:watch": "jest --watch",
    "test:converage": "jest --coverage"
  },
  "lockfileVersion": 3,
  "requires": true,
  "packages": {}
}
